
Microsoft Visual Studio Solution File, Format Version 12.00
Project("{2150E333-8FDC-42A3-9474-1A3956D46DE8}") = "src", "src", "{A97A0552-758E-4BA9-91D1-C6C8576AF8CF}"
EndProject
Project("{2150E333-8FDC-42A3-9474-1A3956D46DE8}") = "tests", "tests", "{F95CEBA8-6FAE-4356-823E-1D33297EC155}"
EndProject
Project("{FAE04EC0-301F-11D3-BF4B-00C04F79EFBC}") = "WebApi", "WebApi\WebApi.csproj", "{C13A0FB3-C5CA-437E-80AF-51FEC6AACD73}"
EndProject
Project("{FAE04EC0-301F-11D3-BF4B-00C04F79EFBC}") = "Application", "Application\Application.csproj", "{DF942FF3-1E58-4DCD-828F-E83B091845F6}"
EndProject
Project("{FAE04EC0-301F-11D3-BF4B-00C04F79EFBC}") = "Domain", "Domain\Domain.csproj", "{CB955687-2C93-4C5A-B8D4-304FF26048FA}"
EndProject
Project("{FAE04EC0-301F-11D3-BF4B-00C04F79EFBC}") = "Infrastructure", "Infrastructure\Infrastructure.csproj", "{25664A5D-8049-4531-B009-543B55D9EE59}"
EndProject
Project("{FAE04EC0-301F-11D3-BF4B-00C04F79EFBC}") = "Helpers", "Helpers\Helpers.csproj", "{54E476D0-D885-4CD6-BA91-D4A865C16318}"
EndProject
Global
	GlobalSection(SolutionConfigurationPlatforms) = preSolution
		Debug|Any CPU = Debug|Any CPU
		Release|Any CPU = Release|Any CPU
	EndGlobalSection
	GlobalSection(ProjectConfigurationPlatforms) = postSolution
		{C13A0FB3-C5CA-437E-80AF-51FEC6AACD73}.Debug|Any CPU.ActiveCfg = Debug|Any CPU
		{C13A0FB3-C5CA-437E-80AF-51FEC6AACD73}.Debug|Any CPU.Build.0 = Debug|Any CPU
		{C13A0FB3-C5CA-437E-80AF-51FEC6AACD73}.Release|Any CPU.ActiveCfg = Release|Any CPU
		{C13A0FB3-C5CA-437E-80AF-51FEC6AACD73}.Release|Any CPU.Build.0 = Release|Any CPU
		{DF942FF3-1E58-4DCD-828F-E83B091845F6}.Debug|Any CPU.ActiveCfg = Debug|Any CPU
		{DF942FF3-1E58-4DCD-828F-E83B091845F6}.Debug|Any CPU.Build.0 = Debug|Any CPU
		{DF942FF3-1E58-4DCD-828F-E83B091845F6}.Release|Any CPU.ActiveCfg = Release|Any CPU
		{DF942FF3-1E58-4DCD-828F-E83B091845F6}.Release|Any CPU.Build.0 = Release|Any CPU
		{CB955687-2C93-4C5A-B8D4-304FF26048FA}.Debug|Any CPU.ActiveCfg = Debug|Any CPU
		{CB955687-2C93-4C5A-B8D4-304FF26048FA}.Debug|Any CPU.Build.0 = Debug|Any CPU
		{CB955687-2C93-4C5A-B8D4-304FF26048FA}.Release|Any CPU.ActiveCfg = Release|Any CPU
		{CB955687-2C93-4C5A-B8D4-304FF26048FA}.Release|Any CPU.Build.0 = Release|Any CPU
		{25664A5D-8049-4531-B009-543B55D9EE59}.Debug|Any CPU.ActiveCfg = Debug|Any CPU
		{25664A5D-8049-4531-B009-543B55D9EE59}.Debug|Any CPU.Build.0 = Debug|Any CPU
		{25664A5D-8049-4531-B009-543B55D9EE59}.Release|Any CPU.ActiveCfg = Release|Any CPU
		{25664A5D-8049-4531-B009-543B55D9EE59}.Release|Any CPU.Build.0 = Release|Any CPU
		{54E476D0-D885-4CD6-BA91-D4A865C16318}.Debug|Any CPU.ActiveCfg = Debug|Any CPU
		{54E476D0-D885-4CD6-BA91-D4A865C16318}.Debug|Any CPU.Build.0 = Debug|Any CPU
		{54E476D0-D885-4CD6-BA91-D4A865C16318}.Release|Any CPU.ActiveCfg = Release|Any CPU
		{54E476D0-D885-4CD6-BA91-D4A865C16318}.Release|Any CPU.Build.0 = Release|Any CPU
	EndGlobalSection
	GlobalSection(NestedProjects) = preSolution
		{C13A0FB3-C5CA-437E-80AF-51FEC6AACD73} = {A97A0552-758E-4BA9-91D1-C6C8576AF8CF}
		{DF942FF3-1E58-4DCD-828F-E83B091845F6} = {A97A0552-758E-4BA9-91D1-C6C8576AF8CF}
		{CB955687-2C93-4C5A-B8D4-304FF26048FA} = {A97A0552-758E-4BA9-91D1-C6C8576AF8CF}
		{25664A5D-8049-4531-B009-543B55D9EE59} = {A97A0552-758E-4BA9-91D1-C6C8576AF8CF}
		{54E476D0-D885-4CD6-BA91-D4A865C16318} = {A97A0552-758E-4BA9-91D1-C6C8576AF8CF}
	EndGlobalSection
EndGlobal
